
Microsoft Visual Studio Solution File, Format Version 12.00
# Visual Studio Version 16
VisualStudioVersion = 16.0.29519.181
MinimumVisualStudioVersion = 10.0.40219.1
Project("{8BC9CEB8-8B4A-11D0-8D11-00A0C91BC942}") = "HovercraftCW_MA", "HovercraftCW_MA.vcxproj", "{83D1409B-E305-4852-99AB-9873945011B5}"
EndProject
Global
	GlobalSection(SolutionConfigurationPlatforms) = preSolution
		Debug|x64 = Debug|x64
		Debug|x86 = Debug|x86
		Release|x64 = Release|x64
		Release|x86 = Release|x86
	EndGlobalSection
	GlobalSection(ProjectConfigurationPlatforms) = postSolution
		{83D1409B-E305-4852-99AB-9873945011B5}.Debug|x64.ActiveCfg = Debug|x64
		{83D1409B-E305-4852-99AB-9873945011B5}.Debug|x64.Build.0 = Debug|x64
		{83D1409B-E305-4852-99AB-9873945011B5}.Debug|x86.ActiveCfg = Debug|Win32
		{83D1409B-E305-4852-99AB-9873945011B5}.Debug|x86.Build.0 = Debug|Win32
		{83D1409B-E305-4852-99AB-9873945011B5}.Release|x64.ActiveCfg = Release|x64
		{83D1409B-E305-4852-99AB-9873945011B5}.Release|x64.Build.0 = Release|x64
		{83D1409B-E305-4852-99AB-9873945011B5}.Release|x86.ActiveCfg = Release|Win32
		{83D1409B-E305-4852-99AB-9873945011B5}.Release|x86.Build.0 = Release|Win32
	EndGlobalSection
	GlobalSection(SolutionProperties) = preSolution
		HideSolutionNode = FALSE
	EndGlobalSection
	GlobalSection(ExtensibilityGlobals) = postSolution
		SolutionGuid = {C3D1718C-BD65-4770-9A40-783CB18FEC3F}
	EndGlobalSection
EndGlobal
