<?xml version="1.0" encoding="utf-8"?>
<Project ToolsVersion="4.0" xmlns="http://schemas.microsoft.com/developer/msbuild/2003">
  <ItemGroup>
    <Filter Include="Source Files">
      <UniqueIdentifier>{4FC737F1-C7A5-4376-A066-2A32D752A2FF}</UniqueIdentifier>
      <Extensions>cpp;c;cc;cxx;def;odl;idl;hpj;bat;asm;asmx</Extensions>
    </Filter>
    <Filter Include="Header Files">
      <UniqueIdentifier>{93995380-89BD-4b04-88EB-625FBE52EBFB}</UniqueIdentifier>
      <Extensions>h;hh;hpp;hxx;hm;inl;inc;ipp;xsd</Extensions>
    </Filter>
    <Filter Include="Resource Files">
      <UniqueIdentifier>{67DA6AB6-F800-4c08-8B7A-83BB121AAD01}</UniqueIdentifier>
      <Extensions>rc;ico;cur;bmp;dlg;rc2;rct;bin;rgs;gif;jpg;jpeg;jpe;resx;tiff;tif;png;wav;mfcribbon-ms</Extensions>
    </Filter>
    <Filter Include="Header Files\System">
      <UniqueIdentifier>{f34131ab-895f-43f9-a849-e438fe4ce036}</UniqueIdentifier>
    </Filter>
    <Filter Include="Source Files\System">
      <UniqueIdentifier>{8ba2879e-2f7b-4d26-aae6-82fddd918f34}</UniqueIdentifier>
    </Filter>
    <Filter Include="Header Files\Objects">
      <UniqueIdentifier>{83c18480-57d2-40a6-a76a-e63315c4d2e8}</UniqueIdentifier>
    </Filter>
    <Filter Include="Source Files\Objects">
      <UniqueIdentifier>{9b3a887d-bb92-43ad-90c4-5471812fba69}</UniqueIdentifier>
    </Filter>
    <Filter Include="Source Files\OpenGL">
      <UniqueIdentifier>{13dfae59-aa44-4f22-b083-d1e3e8b1c178}</UniqueIdentifier>
    </Filter>
    <Filter Include="Source Files\Collision">
      <UniqueIdentifier>{374ac60f-2a31-4f64-b713-6f71e8bc715d}</UniqueIdentifier>
    </Filter>
    <Filter Include="Header Files\OpenGL">
      <UniqueIdentifier>{45315d8c-e262-4962-8171-65ba2ab94d60}</UniqueIdentifier>
    </Filter>
    <Filter Include="Header Files\Collision">
      <UniqueIdentifier>{e16b6857-cafc-45d7-9029-c83dbfe60325}</UniqueIdentifier>
    </Filter>
    <Filter Include="Header Files\Body Movement">
      <UniqueIdentifier>{5105cbe3-1f72-49b9-a3ba-06e9bf1e7d20}</UniqueIdentifier>
    </Filter>
    <Filter Include="Source Files\Body Movement">
      <UniqueIdentifier>{060ef60f-3f86-42e7-b029-36080d303025}</UniqueIdentifier>
    </Filter>
  </ItemGroup>
  <ItemGroup>
    <ClCompile Include="HovercraftCW_MA.cpp">
      <Filter>Source Files</Filter>
    </ClCompile>
    <ClCompile Include="GameObject.cpp">
      <Filter>Source Files\Objects</Filter>
    </ClCompile>
    <ClCompile Include="Input.cpp">
      <Filter>Source Files\System</Filter>
    </ClCompile>
    <ClCompile Include="PhysicalBody.cpp">
      <Filter>Source Files\Body Movement</Filter>
    </ClCompile>
    <ClCompile Include="RotattingBody.cpp">
      <Filter>Source Files\Body Movement</Filter>
    </ClCompile>
    <ClCompile Include="GameEngine.cpp">
      <Filter>Source Files\System</Filter>
    </ClCompile>
    <ClCompile Include="getbmp.cpp">
      <Filter>Source Files\OpenGL</Filter>
    </ClCompile>
    <ClCompile Include="objReader.cpp">
      <Filter>Source Files\OpenGL</Filter>
    </ClCompile>
    <ClCompile Include="shader.cpp">
      <Filter>Source Files\OpenGL</Filter>
    </ClCompile>
    <ClCompile Include="Camera.cpp">
      <Filter>Source Files\Objects</Filter>
    </ClCompile>
    <ClCompile Include="Collider.cpp">
      <Filter>Source Files\Collision</Filter>
    </ClCompile>
    <ClCompile Include="Time.cpp">
      <Filter>Source Files\System</Filter>
    </ClCompile>
    <ClCompile Include="TagSystem.cpp">
      <Filter>Source Files\System</Filter>
    </ClCompile>
    <ClCompile Include="PhysicsCalculator.cpp">
      <Filter>Source Files\Body Movement</Filter>
    </ClCompile>
    <ClCompile Include="CollisionCalculator.cpp">
      <Filter>Source Files\Collision</Filter>
    </ClCompile>
    <ClCompile Include="TestSphere.cpp">
      <Filter>Source Files\Objects</Filter>
    </ClCompile>
    <ClCompile Include="stb_image.cpp">
      <Filter>Source Files\OpenGL</Filter>
    </ClCompile>
    <ClCompile Include="Light.cpp">
      <Filter>Source Files\Objects</Filter>
    </ClCompile>
    <ClCompile Include="WindyArea.cpp">
      <Filter>Source Files\Objects</Filter>
    </ClCompile>
    <ClCompile Include="Skybox.cpp">
      <Filter>Source Files\Objects</Filter>
    </ClCompile>
    <ClCompile Include="InvisiblePlane.cpp">
      <Filter>Source Files\Objects</Filter>
    </ClCompile>
    <ClCompile Include="AutoMovingObject.cpp">
      <Filter>Source Files\Objects</Filter>
    </ClCompile>
    <ClCompile Include="Player.cpp">
      <Filter>Source Files\Objects</Filter>
    </ClCompile>
  </ItemGroup>
  <ItemGroup>
    <ClInclude Include="Input.h">
      <Filter>Header Files\System</Filter>
    </ClInclude>
    <ClInclude Include="GameObject.h">
      <Filter>Header Files\Objects</Filter>
    </ClInclude>
    <ClInclude Include="PhysicalBody.h">
      <Filter>Header Files\Body Movement</Filter>
    </ClInclude>
    <ClInclude Include="RotattingBody.h">
      <Filter>Header Files\Body Movement</Filter>
    </ClInclude>
    <ClInclude Include="GameEngine.h">
      <Filter>Header Files\System</Filter>
    </ClInclude>
    <ClInclude Include="Light.h">
      <Filter>Header Files\Objects</Filter>
    </ClInclude>
    <ClInclude Include="getbmp.h">
      <Filter>Header Files\OpenGL</Filter>
    </ClInclude>
    <ClInclude Include="objReader.h">
      <Filter>Header Files\OpenGL</Filter>
    </ClInclude>
    <ClInclude Include="shader.h">
      <Filter>Header Files\OpenGL</Filter>
    </ClInclude>
    <ClInclude Include="vertex.h">
      <Filter>Header Files\OpenGL</Filter>
    </ClInclude>
    <ClInclude Include="Camera.h">
      <Filter>Header Files\Objects</Filter>
    </ClInclude>
    <ClInclude Include="Collider.h">
      <Filter>Header Files\Collision</Filter>
    </ClInclude>
    <ClInclude Include="Time.h">
      <Filter>Header Files\System</Filter>
    </ClInclude>
    <ClInclude Include="TagSystem.h">
      <Filter>Header Files\System</Filter>
    </ClInclude>
    <ClInclude Include="Material.h">
      <Filter>Header Files\OpenGL</Filter>
    </ClInclude>
    <ClInclude Include="PhysicsCalculator.h">
      <Filter>Header Files\Body Movement</Filter>
    </ClInclude>
    <ClInclude Include="CollisionCalculator.h">
      <Filter>Header Files\Collision</Filter>
    </ClInclude>
    <ClInclude Include="TestSphere.h">
      <Filter>Header Files\Objects</Filter>
    </ClInclude>
    <ClInclude Include="Skybox.h">
      <Filter>Header Files\Objects</Filter>
    </ClInclude>
    <ClInclude Include="stb_image.h">
      <Filter>Header Files\OpenGL</Filter>
    </ClInclude>
    <ClInclude Include="InvisiblePlane.h">
      <Filter>Header Files\Objects</Filter>
    </ClInclude>
    <ClInclude Include="WindyArea.h">
      <Filter>Header Files\Objects</Filter>
    </ClInclude>
    <ClInclude Include="AutoMovingObject.h">
      <Filter>Header Files\Objects</Filter>
    </ClInclude>
    <ClInclude Include="Player.h">
      <Filter>Header Files\Objects</Filter>
    </ClInclude>
  </ItemGroup>
  <ItemGroup>
    <None Include="vertexShader.glsl">
      <Filter>Resource Files</Filter>
    </None>
    <None Include="fragmentShader.glsl">
      <Filter>Resource Files</Filter>
    </None>
  </ItemGroup>
</Project>